
Microsoft Visual Studio Solution File, Format Version 12.00
# Visual Studio Version 16
VisualStudioVersion = 16.0.31702.278
MinimumVisualStudioVersion = 10.0.40219.1
Project("{8BC9CEB8-8B4A-11D0-8D11-00A0C91BC942}") = "Занятие 57. Файловая система", "Занятие 57. Файловая система\Занятие 57. Файловая система.vcxproj", "{DE5B09B3-F19E-4033-AA7B-3B80EA90353A}"
EndProject
Global
	GlobalSection(SolutionConfigurationPlatforms) = preSolution
		Debug|x64 = Debug|x64
		Debug|x86 = Debug|x86
		Release|x64 = Release|x64
		Release|x86 = Release|x86
	EndGlobalSection
	GlobalSection(ProjectConfigurationPlatforms) = postSolution
		{DE5B09B3-F19E-4033-AA7B-3B80EA90353A}.Debug|x64.ActiveCfg = Debug|x64
		{DE5B09B3-F19E-4033-AA7B-3B80EA90353A}.Debug|x64.Build.0 = Debug|x64
		{DE5B09B3-F19E-4033-AA7B-3B80EA90353A}.Debug|x86.ActiveCfg = Debug|Win32
		{DE5B09B3-F19E-4033-AA7B-3B80EA90353A}.Debug|x86.Build.0 = Debug|Win32
		{DE5B09B3-F19E-4033-AA7B-3B80EA90353A}.Release|x64.ActiveCfg = Release|x64
		{DE5B09B3-F19E-4033-AA7B-3B80EA90353A}.Release|x64.Build.0 = Release|x64
		{DE5B09B3-F19E-4033-AA7B-3B80EA90353A}.Release|x86.ActiveCfg = Release|Win32
		{DE5B09B3-F19E-4033-AA7B-3B80EA90353A}.Release|x86.Build.0 = Release|Win32
	EndGlobalSection
	GlobalSection(SolutionProperties) = preSolution
		HideSolutionNode = FALSE
	EndGlobalSection
	GlobalSection(ExtensibilityGlobals) = postSolution
		SolutionGuid = {0DEE7FDD-9B0F-49F1-A2C7-2049446A8FB7}
	EndGlobalSection
EndGlobal
